// !$*UTF8*$!
{
	archiveVersion = 1;
	classes = {
	};
	objectVersion = 50;
	objects = {

/* Begin PBXBuildFile section */
		02CB1C93225C55B600FD0AF0 /* Mach_Swift_macOS.framework in Frameworks */ = {isa = PBXBuildFile; fileRef = 02CB1C89225C55B600FD0AF0 /* Mach_Swift_macOS.framework */; };
		02CB1C98225C55B600FD0AF0 /* Mach_SwiftTests.swift in Sources */ = {isa = PBXBuildFile; fileRef = 02CB1C97225C55B600FD0AF0 /* Mach_SwiftTests.swift */; };
		02CB1C9A225C55B600FD0AF0 /* Mach_Swift.h in Headers */ = {isa = PBXBuildFile; fileRef = 02CB1C8C225C55B600FD0AF0 /* Mach_Swift.h */; settings = {ATTRIBUTES = (Public, ); }; };
		02CB1CC5225C5ECB00FD0AF0 /* MachHostProcessorInfo.swift in Sources */ = {isa = PBXBuildFile; fileRef = 02CB1CB9225C5ECB00FD0AF0 /* MachHostProcessorInfo.swift */; };
		02CB1CC6225C5ECB00FD0AF0 /* MachHostCPULoadInfo.swift in Sources */ = {isa = PBXBuildFile; fileRef = 02CB1CBA225C5ECB00FD0AF0 /* MachHostCPULoadInfo.swift */; };
		02CB1CC7225C5ECB00FD0AF0 /* MachHostVMStatics.swift in Sources */ = {isa = PBXBuildFile; fileRef = 02CB1CBB225C5ECB00FD0AF0 /* MachHostVMStatics.swift */; };
		02CB1CC8225C5ECB00FD0AF0 /* MachHostBasicInfo.swift in Sources */ = {isa = PBXBuildFile; fileRef = 02CB1CBC225C5ECB00FD0AF0 /* MachHostBasicInfo.swift */; };
		02CB1CC9225C5ECB00FD0AF0 /* Mach.swift in Sources */ = {isa = PBXBuildFile; fileRef = 02CB1CBD225C5ECB00FD0AF0 /* Mach.swift */; };
		02CB1CCA225C5ECB00FD0AF0 /* MachTaskBasicInfo.swift in Sources */ = {isa = PBXBuildFile; fileRef = 02CB1CBF225C5ECB00FD0AF0 /* MachTaskBasicInfo.swift */; };
		02CB1CCB225C5ECB00FD0AF0 /* MachTaskThreadBasicInfo.swift in Sources */ = {isa = PBXBuildFile; fileRef = 02CB1CC0225C5ECB00FD0AF0 /* MachTaskThreadBasicInfo.swift */; };
		02CB1CCC225C5ECB00FD0AF0 /* MachCPUTick.swift in Sources */ = {isa = PBXBuildFile; fileRef = 02CB1CC1225C5ECB00FD0AF0 /* MachCPUTick.swift */; };
		02CB1CCD225C5ECB00FD0AF0 /* TimeInterval+Mach-Swift.swift in Sources */ = {isa = PBXBuildFile; fileRef = 02CB1CC3225C5ECB00FD0AF0 /* TimeInterval+Mach-Swift.swift */; };
		02CB1CCE225C5ECB00FD0AF0 /* FixedWidthInteger+Mach-Swift.swift in Sources */ = {isa = PBXBuildFile; fileRef = 02CB1CC4225C5ECB00FD0AF0 /* FixedWidthInteger+Mach-Swift.swift */; };
		02ECFC5C225C7D6000E7046D /* MachHost.swift in Sources */ = {isa = PBXBuildFile; fileRef = 02ECFC5B225C7D6000E7046D /* MachHost.swift */; };
		02ECFC5E225C7DE900E7046D /* MachTask.swift in Sources */ = {isa = PBXBuildFile; fileRef = 02ECFC5D225C7DE900E7046D /* MachTask.swift */; };
/* End PBXBuildFile section */

/* Begin PBXContainerItemProxy section */
		02CB1C94225C55B600FD0AF0 /* PBXContainerItemProxy */ = {
			isa = PBXContainerItemProxy;
			containerPortal = 02CB1C80225C55B600FD0AF0 /* Project object */;
			proxyType = 1;
			remoteGlobalIDString = 02CB1C88225C55B600FD0AF0;
			remoteInfo = "Mach-Swift";
		};
/* End PBXContainerItemProxy section */

/* Begin PBXFileReference section */
		02CB1C89225C55B600FD0AF0 /* Mach_Swift_macOS.framework */ = {isa = PBXFileReference; explicitFileType = wrapper.framework; includeInIndex = 0; path = Mach_Swift_macOS.framework; sourceTree = BUILT_PRODUCTS_DIR; };
		02CB1C8C225C55B600FD0AF0 /* Mach_Swift.h */ = {isa = PBXFileReference; lastKnownFileType = sourcecode.c.h; path = Mach_Swift.h; sourceTree = "<group>"; };
		02CB1C8D225C55B600FD0AF0 /* Info.plist */ = {isa = PBXFileReference; lastKnownFileType = text.plist.xml; path = Info.plist; sourceTree = "<group>"; };
		02CB1C92225C55B600FD0AF0 /* Mach-SwiftTests-macOS.xctest */ = {isa = PBXFileReference; explicitFileType = wrapper.cfbundle; includeInIndex = 0; path = "Mach-SwiftTests-macOS.xctest"; sourceTree = BUILT_PRODUCTS_DIR; };
		02CB1C97225C55B600FD0AF0 /* Mach_SwiftTests.swift */ = {isa = PBXFileReference; lastKnownFileType = sourcecode.swift; path = Mach_SwiftTests.swift; sourceTree = "<group>"; };
		02CB1C99225C55B600FD0AF0 /* Info.plist */ = {isa = PBXFileReference; lastKnownFileType = text.plist.xml; path = Info.plist; sourceTree = "<group>"; };
		02CB1CB9225C5ECB00FD0AF0 /* MachHostProcessorInfo.swift */ = {isa = PBXFileReference; fileEncoding = 4; lastKnownFileType = sourcecode.swift; path = MachHostProcessorInfo.swift; sourceTree = "<group>"; };
		02CB1CBA225C5ECB00FD0AF0 /* MachHostCPULoadInfo.swift */ = {isa = PBXFileReference; fileEncoding = 4; lastKnownFileType = sourcecode.swift; path = MachHostCPULoadInfo.swift; sourceTree = "<group>"; };
		02CB1CBB225C5ECB00FD0AF0 /* MachHostVMStatics.swift */ = {isa = PBXFileReference; fileEncoding = 4; lastKnownFileType = sourcecode.swift; path = MachHostVMStatics.swift; sourceTree = "<group>"; };
		02CB1CBC225C5ECB00FD0AF0 /* MachHostBasicInfo.swift */ = {isa = PBXFileReference; fileEncoding = 4; lastKnownFileType = sourcecode.swift; path = MachHostBasicInfo.swift; sourceTree = "<group>"; };
		02CB1CBD225C5ECB00FD0AF0 /* Mach.swift */ = {isa = PBXFileReference; fileEncoding = 4; lastKnownFileType = sourcecode.swift; path = Mach.swift; sourceTree = "<group>"; };
		02CB1CBF225C5ECB00FD0AF0 /* MachTaskBasicInfo.swift */ = {isa = PBXFileReference; fileEncoding = 4; lastKnownFileType = sourcecode.swift; path = MachTaskBasicInfo.swift; sourceTree = "<group>"; };
		02CB1CC0225C5ECB00FD0AF0 /* MachTaskThreadBasicInfo.swift */ = {isa = PBXFileReference; fileEncoding = 4; lastKnownFileType = sourcecode.swift; path = MachTaskThreadBasicInfo.swift; sourceTree = "<group>"; };
		02CB1CC1225C5ECB00FD0AF0 /* MachCPUTick.swift */ = {isa = PBXFileReference; fileEncoding = 4; lastKnownFileType = sourcecode.swift; path = MachCPUTick.swift; sourceTree = "<group>"; };
		02CB1CC3225C5ECB00FD0AF0 /* TimeInterval+Mach-Swift.swift */ = {isa = PBXFileReference; fileEncoding = 4; lastKnownFileType = sourcecode.swift; path = "TimeInterval+Mach-Swift.swift"; sourceTree = "<group>"; };
		02CB1CC4225C5ECB00FD0AF0 /* FixedWidthInteger+Mach-Swift.swift */ = {isa = PBXFileReference; fileEncoding = 4; lastKnownFileType = sourcecode.swift; path = "FixedWidthInteger+Mach-Swift.swift"; sourceTree = "<group>"; };
		02ECFC5B225C7D6000E7046D /* MachHost.swift */ = {isa = PBXFileReference; lastKnownFileType = sourcecode.swift; path = MachHost.swift; sourceTree = "<group>"; };
		02ECFC5D225C7DE900E7046D /* MachTask.swift */ = {isa = PBXFileReference; fileEncoding = 4; lastKnownFileType = sourcecode.swift; path = MachTask.swift; sourceTree = "<group>"; };
/* End PBXFileReference section */

/* Begin PBXFrameworksBuildPhase section */
		02CB1C86225C55B600FD0AF0 /* Frameworks */ = {
			isa = PBXFrameworksBuildPhase;
			buildActionMask = 2147483647;
			files = (
			);
			runOnlyForDeploymentPostprocessing = 0;
		};
		02CB1C8F225C55B600FD0AF0 /* Frameworks */ = {
			isa = PBXFrameworksBuildPhase;
			buildActionMask = 2147483647;
			files = (
				02CB1C93225C55B600FD0AF0 /* Mach_Swift_macOS.framework in Frameworks */,
			);
			runOnlyForDeploymentPostprocessing = 0;
		};
/* End PBXFrameworksBuildPhase section */

/* Begin PBXGroup section */
		02CB1C7F225C55B600FD0AF0 = {
			isa = PBXGroup;
			children = (
				02CB1C8B225C55B600FD0AF0 /* Mach-Swift */,
				02CB1C96225C55B600FD0AF0 /* Mach-SwiftTests */,
				02CB1C8A225C55B600FD0AF0 /* Products */,
			);
			sourceTree = "<group>";
		};
		02CB1C8A225C55B600FD0AF0 /* Products */ = {
			isa = PBXGroup;
			children = (
				02CB1C89225C55B600FD0AF0 /* Mach_Swift_macOS.framework */,
				02CB1C92225C55B600FD0AF0 /* Mach-SwiftTests-macOS.xctest */,
			);
			name = Products;
			sourceTree = "<group>";
		};
		02CB1C8B225C55B600FD0AF0 /* Mach-Swift */ = {
			isa = PBXGroup;
			children = (
				02CB1C8C225C55B600FD0AF0 /* Mach_Swift.h */,
				02CB1C8D225C55B600FD0AF0 /* Info.plist */,
				02CB1CC2225C5ECB00FD0AF0 /* Extension */,
				02CB1CB7225C5ECB00FD0AF0 /* Mach */,
			);
			path = "Mach-Swift";
			sourceTree = "<group>";
		};
		02CB1C96225C55B600FD0AF0 /* Mach-SwiftTests */ = {
			isa = PBXGroup;
			children = (
				02CB1C97225C55B600FD0AF0 /* Mach_SwiftTests.swift */,
				02CB1C99225C55B600FD0AF0 /* Info.plist */,
			);
			path = "Mach-SwiftTests";
			sourceTree = "<group>";
		};
		02CB1CB7225C5ECB00FD0AF0 /* Mach */ = {
			isa = PBXGroup;
			children = (
				02CB1CBD225C5ECB00FD0AF0 /* Mach.swift */,
				02CB1CB8225C5ECB00FD0AF0 /* Host */,
				02CB1CBE225C5ECB00FD0AF0 /* Task */,
				02CB1CC1225C5ECB00FD0AF0 /* MachCPUTick.swift */,
			);
			path = Mach;
			sourceTree = "<group>";
		};
		02CB1CB8225C5ECB00FD0AF0 /* Host */ = {
			isa = PBXGroup;
			children = (
				02ECFC5B225C7D6000E7046D /* MachHost.swift */,
				02CB1CB9225C5ECB00FD0AF0 /* MachHostProcessorInfo.swift */,
				02CB1CBA225C5ECB00FD0AF0 /* MachHostCPULoadInfo.swift */,
				02CB1CBB225C5ECB00FD0AF0 /* MachHostVMStatics.swift */,
				02CB1CBC225C5ECB00FD0AF0 /* MachHostBasicInfo.swift */,
			);
			path = Host;
			sourceTree = "<group>";
		};
		02CB1CBE225C5ECB00FD0AF0 /* Task */ = {
			isa = PBXGroup;
			children = (
				02ECFC5D225C7DE900E7046D /* MachTask.swift */,
				02CB1CBF225C5ECB00FD0AF0 /* MachTaskBasicInfo.swift */,
				02CB1CC0225C5ECB00FD0AF0 /* MachTaskThreadBasicInfo.swift */,
			);
			path = Task;
			sourceTree = "<group>";
		};
		02CB1CC2225C5ECB00FD0AF0 /* Extension */ = {
			isa = PBXGroup;
			children = (
				02CB1CC3225C5ECB00FD0AF0 /* TimeInterval+Mach-Swift.swift */,
				02CB1CC4225C5ECB00FD0AF0 /* FixedWidthInteger+Mach-Swift.swift */,
			);
			path = Extension;
			sourceTree = "<group>";
		};
/* End PBXGroup section */

/* Begin PBXHeadersBuildPhase section */
		02CB1C84225C55B600FD0AF0 /* Headers */ = {
			isa = PBXHeadersBuildPhase;
			buildActionMask = 2147483647;
			files = (
				02CB1C9A225C55B600FD0AF0 /* Mach_Swift.h in Headers */,
			);
			runOnlyForDeploymentPostprocessing = 0;
		};
/* End PBXHeadersBuildPhase section */

/* Begin PBXNativeTarget section */
		02CB1C88225C55B600FD0AF0 /* Mach-Swift-macOS */ = {
			isa = PBXNativeTarget;
			buildConfigurationList = 02CB1C9D225C55B600FD0AF0 /* Build configuration list for PBXNativeTarget "Mach-Swift-macOS" */;
			buildPhases = (
				02CB1C84225C55B600FD0AF0 /* Headers */,
				02CB1C85225C55B600FD0AF0 /* Sources */,
				02CB1C86225C55B600FD0AF0 /* Frameworks */,
				02CB1C87225C55B600FD0AF0 /* Resources */,
				02CB1CA4225C5C2600FD0AF0 /* ShellScript */,
			);
			buildRules = (
			);
			dependencies = (
			);
			name = "Mach-Swift-macOS";
			productName = "Mach-Swift";
			productReference = 02CB1C89225C55B600FD0AF0 /* Mach_Swift_macOS.framework */;
			productType = "com.apple.product-type.framework";
		};
		02CB1C91225C55B600FD0AF0 /* Mach-SwiftTests-macOS */ = {
			isa = PBXNativeTarget;
			buildConfigurationList = 02CB1CA0225C55B600FD0AF0 /* Build configuration list for PBXNativeTarget "Mach-SwiftTests-macOS" */;
			buildPhases = (
				02CB1C8E225C55B600FD0AF0 /* Sources */,
				02CB1C8F225C55B600FD0AF0 /* Frameworks */,
				02CB1C90225C55B600FD0AF0 /* Resources */,
			);
			buildRules = (
			);
			dependencies = (
				02CB1C95225C55B600FD0AF0 /* PBXTargetDependency */,
			);
			name = "Mach-SwiftTests-macOS";
			productName = "Mach-SwiftTests";
			productReference = 02CB1C92225C55B600FD0AF0 /* Mach-SwiftTests-macOS.xctest */;
			productType = "com.apple.product-type.bundle.unit-test";
		};
/* End PBXNativeTarget section */

/* Begin PBXProject section */
		02CB1C80225C55B600FD0AF0 /* Project object */ = {
			isa = PBXProject;
			attributes = {
				LastSwiftUpdateCheck = 1020;
				LastUpgradeCheck = 1020;
				ORGANIZATIONNAME = "Mach-Swift";
				TargetAttributes = {
					02CB1C88225C55B600FD0AF0 = {
						CreatedOnToolsVersion = 10.2;
					};
					02CB1C91225C55B600FD0AF0 = {
						CreatedOnToolsVersion = 10.2;
					};
				};
			};
			buildConfigurationList = 02CB1C83225C55B600FD0AF0 /* Build configuration list for PBXProject "Mach-Swift" */;
			compatibilityVersion = "Xcode 9.3";
			developmentRegion = en;
			hasScannedForEncodings = 0;
			knownRegions = (
				en,
			);
			mainGroup = 02CB1C7F225C55B600FD0AF0;
			productRefGroup = 02CB1C8A225C55B600FD0AF0 /* Products */;
			projectDirPath = "";
			projectRoot = "";
			targets = (
				02CB1C88225C55B600FD0AF0 /* Mach-Swift-macOS */,
				02CB1C91225C55B600FD0AF0 /* Mach-SwiftTests-macOS */,
			);
		};
/* End PBXProject section */

/* Begin PBXResourcesBuildPhase section */
		02CB1C87225C55B600FD0AF0 /* Resources */ = {
			isa = PBXResourcesBuildPhase;
			buildActionMask = 2147483647;
			files = (
			);
			runOnlyForDeploymentPostprocessing = 0;
		};
		02CB1C90225C55B600FD0AF0 /* Resources */ = {
			isa = PBXResourcesBuildPhase;
			buildActionMask = 2147483647;
			files = (
			);
			runOnlyForDeploymentPostprocessing = 0;
		};
/* End PBXResourcesBuildPhase section */

/* Begin PBXShellScriptBuildPhase section */
		02CB1CA4225C5C2600FD0AF0 /* ShellScript */ = {
			isa = PBXShellScriptBuildPhase;
			buildActionMask = 2147483647;
			files = (
			);
			inputFileListPaths = (
			);
			inputPaths = (
			);
			outputFileListPaths = (
			);
			outputPaths = (
			);
			runOnlyForDeploymentPostprocessing = 0;
			shellPath = /bin/sh;
			shellScript = "if which swiftlint >/dev/null; then\nswiftlint\nelse\necho \"warning: SwiftLint not installed.\"\nfi\n";
		};
/* End PBXShellScriptBuildPhase section */

/* Begin PBXSourcesBuildPhase section */
		02CB1C85225C55B600FD0AF0 /* Sources */ = {
			isa = PBXSourcesBuildPhase;
			buildActionMask = 2147483647;
			files = (
				02CB1CCE225C5ECB00FD0AF0 /* FixedWidthInteger+Mach-Swift.swift in Sources */,
				02ECFC5E225C7DE900E7046D /* MachTask.swift in Sources */,
				02CB1CCC225C5ECB00FD0AF0 /* MachCPUTick.swift in Sources */,
				02CB1CC9225C5ECB00FD0AF0 /* Mach.swift in Sources */,
				02CB1CCB225C5ECB00FD0AF0 /* MachTaskThreadBasicInfo.swift in Sources */,
				02CB1CC5225C5ECB00FD0AF0 /* MachHostProcessorInfo.swift in Sources */,
				02CB1CCD225C5ECB00FD0AF0 /* TimeInterval+Mach-Swift.swift in Sources */,
				02CB1CCA225C5ECB00FD0AF0 /* MachTaskBasicInfo.swift in Sources */,
				02ECFC5C225C7D6000E7046D /* MachHost.swift in Sources */,
				02CB1CC6225C5ECB00FD0AF0 /* MachHostCPULoadInfo.swift in Sources */,
				02CB1CC7225C5ECB00FD0AF0 /* MachHostVMStatics.swift in Sources */,
				02CB1CC8225C5ECB00FD0AF0 /* MachHostBasicInfo.swift in Sources */,
			);
			runOnlyForDeploymentPostprocessing = 0;
		};
		02CB1C8E225C55B600FD0AF0 /* Sources */ = {
			isa = PBXSourcesBuildPhase;
			buildActionMask = 2147483647;
			files = (
				02CB1C98225C55B600FD0AF0 /* Mach_SwiftTests.swift in Sources */,
			);
			runOnlyForDeploymentPostprocessing = 0;
		};
/* End PBXSourcesBuildPhase section */

/* Begin PBXTargetDependency section */
		02CB1C95225C55B600FD0AF0 /* PBXTargetDependency */ = {
			isa = PBXTargetDependency;
			target = 02CB1C88225C55B600FD0AF0 /* Mach-Swift-macOS */;
			targetProxy = 02CB1C94225C55B600FD0AF0 /* PBXContainerItemProxy */;
		};
/* End PBXTargetDependency section */

/* Begin XCBuildConfiguration section */
		02CB1C9B225C55B600FD0AF0 /* Debug */ = {
			isa = XCBuildConfiguration;
			buildSettings = {
				ALWAYS_SEARCH_USER_PATHS = NO;
				CLANG_ANALYZER_NONNULL = YES;
				CLANG_ANALYZER_NUMBER_OBJECT_CONVERSION = YES_AGGRESSIVE;
				CLANG_CXX_LANGUAGE_STANDARD = "gnu++14";
				CLANG_CXX_LIBRARY = "libc++";
				CLANG_ENABLE_MODULES = YES;
				CLANG_ENABLE_OBJC_ARC = YES;
				CLANG_ENABLE_OBJC_WEAK = YES;
				CLANG_WARN_BLOCK_CAPTURE_AUTORELEASING = YES;
				CLANG_WARN_BOOL_CONVERSION = YES;
				CLANG_WARN_COMMA = YES;
				CLANG_WARN_CONSTANT_CONVERSION = YES;
				CLANG_WARN_DEPRECATED_OBJC_IMPLEMENTATIONS = YES;
				CLANG_WARN_DIRECT_OBJC_ISA_USAGE = YES_ERROR;
				CLANG_WARN_DOCUMENTATION_COMMENTS = YES;
				CLANG_WARN_EMPTY_BODY = YES;
				CLANG_WARN_ENUM_CONVERSION = YES;
				CLANG_WARN_INFINITE_RECURSION = YES;
				CLANG_WARN_INT_CONVERSION = YES;
				CLANG_WARN_NON_LITERAL_NULL_CONVERSION = YES;
				CLANG_WARN_OBJC_IMPLICIT_RETAIN_SELF = YES;
				CLANG_WARN_OBJC_LITERAL_CONVERSION = YES;
				CLANG_WARN_OBJC_ROOT_CLASS = YES_ERROR;
				CLANG_WARN_RANGE_LOOP_ANALYSIS = YES;
				CLANG_WARN_STRICT_PROTOTYPES = YES;
				CLANG_WARN_SUSPICIOUS_MOVE = YES;
				CLANG_WARN_UNGUARDED_AVAILABILITY = YES_AGGRESSIVE;
				CLANG_WARN_UNREACHABLE_CODE = YES;
				CLANG_WARN__DUPLICATE_METHOD_MATCH = YES;
				CODE_SIGN_IDENTITY = "-";
				COPY_PHASE_STRIP = NO;
				CURRENT_PROJECT_VERSION = 1;
				DEBUG_INFORMATION_FORMAT = dwarf;
				ENABLE_STRICT_OBJC_MSGSEND = YES;
				ENABLE_TESTABILITY = YES;
				GCC_C_LANGUAGE_STANDARD = gnu11;
				GCC_DYNAMIC_NO_PIC = NO;
				GCC_NO_COMMON_BLOCKS = YES;
				GCC_OPTIMIZATION_LEVEL = 0;
				GCC_PREPROCESSOR_DEFINITIONS = (
					"DEBUG=1",
					"$(inherited)",
				);
				GCC_WARN_64_TO_32_BIT_CONVERSION = YES;
				GCC_WARN_ABOUT_RETURN_TYPE = YES_ERROR;
				GCC_WARN_UNDECLARED_SELECTOR = YES;
				GCC_WARN_UNINITIALIZED_AUTOS = YES_AGGRESSIVE;
				GCC_WARN_UNUSED_FUNCTION = YES;
				GCC_WARN_UNUSED_VARIABLE = YES;
				MACOSX_DEPLOYMENT_TARGET = 10.12;
				MTL_ENABLE_DEBUG_INFO = INCLUDE_SOURCE;
				MTL_FAST_MATH = YES;
				ONLY_ACTIVE_ARCH = YES;
				SDKROOT = macosx;
				SWIFT_ACTIVE_COMPILATION_CONDITIONS = DEBUG;
				SWIFT_OPTIMIZATION_LEVEL = "-Onone";
				VERSIONING_SYSTEM = "apple-generic";
				VERSION_INFO_PREFIX = "";
			};
			name = Debug;
		};
		02CB1C9C225C55B600FD0AF0 /* Release */ = {
			isa = XCBuildConfiguration;
			buildSettings = {
				ALWAYS_SEARCH_USER_PATHS = NO;
				CLANG_ANALYZER_NONNULL = YES;
				CLANG_ANALYZER_NUMBER_OBJECT_CONVERSION = YES_AGGRESSIVE;
				CLANG_CXX_LANGUAGE_STANDARD = "gnu++14";
				CLANG_CXX_LIBRARY = "libc++";
				CLANG_ENABLE_MODULES = YES;
				CLANG_ENABLE_OBJC_ARC = YES;
				CLANG_ENABLE_OBJC_WEAK = YES;
				CLANG_WARN_BLOCK_CAPTURE_AUTORELEASING = YES;
				CLANG_WARN_BOOL_CONVERSION = YES;
				CLANG_WARN_COMMA = YES;
				CLANG_WARN_CONSTANT_CONVERSION = YES;
				CLANG_WARN_DEPRECATED_OBJC_IMPLEMENTATIONS = YES;
				CLANG_WARN_DIRECT_OBJC_ISA_USAGE = YES_ERROR;
				CLANG_WARN_DOCUMENTATION_COMMENTS = YES;
				CLANG_WARN_EMPTY_BODY = YES;
				CLANG_WARN_ENUM_CONVERSION = YES;
				CLANG_WARN_INFINITE_RECURSION = YES;
				CLANG_WARN_INT_CONVERSION = YES;
				CLANG_WARN_NON_LITERAL_NULL_CONVERSION = YES;
				CLANG_WARN_OBJC_IMPLICIT_RETAIN_SELF = YES;
				CLANG_WARN_OBJC_LITERAL_CONVERSION = YES;
				CLANG_WARN_OBJC_ROOT_CLASS = YES_ERROR;
				CLANG_WARN_RANGE_LOOP_ANALYSIS = YES;
				CLANG_WARN_STRICT_PROTOTYPES = YES;
				CLANG_WARN_SUSPICIOUS_MOVE = YES;
				CLANG_WARN_UNGUARDED_AVAILABILITY = YES_AGGRESSIVE;
				CLANG_WARN_UNREACHABLE_CODE = YES;
				CLANG_WARN__DUPLICATE_METHOD_MATCH = YES;
				CODE_SIGN_IDENTITY = "-";
				COPY_PHASE_STRIP = NO;
				CURRENT_PROJECT_VERSION = 1;
				DEBUG_INFORMATION_FORMAT = "dwarf-with-dsym";
				ENABLE_NS_ASSERTIONS = NO;
				ENABLE_STRICT_OBJC_MSGSEND = YES;
				GCC_C_LANGUAGE_STANDARD = gnu11;
				GCC_NO_COMMON_BLOCKS = YES;
				GCC_WARN_64_TO_32_BIT_CONVERSION = YES;
				GCC_WARN_ABOUT_RETURN_TYPE = YES_ERROR;
				GCC_WARN_UNDECLARED_SELECTOR = YES;
				GCC_WARN_UNINITIALIZED_AUTOS = YES_AGGRESSIVE;
				GCC_WARN_UNUSED_FUNCTION = YES;
				GCC_WARN_UNUSED_VARIABLE = YES;
				MACOSX_DEPLOYMENT_TARGET = 10.12;
				MTL_ENABLE_DEBUG_INFO = NO;
				MTL_FAST_MATH = YES;
				SDKROOT = macosx;
				SWIFT_COMPILATION_MODE = wholemodule;
				SWIFT_OPTIMIZATION_LEVEL = "-O";
				VERSIONING_SYSTEM = "apple-generic";
				VERSION_INFO_PREFIX = "";
			};
			name = Release;
		};
		02CB1C9E225C55B600FD0AF0 /* Debug */ = {
			isa = XCBuildConfiguration;
			buildSettings = {
				CODE_SIGN_IDENTITY = "Mac Developer";
				CODE_SIGN_STYLE = Automatic;
				COMBINE_HIDPI_IMAGES = YES;
				DEFINES_MODULE = YES;
				DEVELOPMENT_TEAM = "";
				DYLIB_COMPATIBILITY_VERSION = 1;
				DYLIB_CURRENT_VERSION = 1;
				DYLIB_INSTALL_NAME_BASE = "@rpath";
				FRAMEWORK_VERSION = A;
				INFOPLIST_FILE = "Mach-Swift/Info.plist";
				INSTALL_PATH = "$(LOCAL_LIBRARY_DIR)/Frameworks";
				LD_RUNPATH_SEARCH_PATHS = (
					"$(inherited)",
					"@executable_path/../Frameworks",
					"@loader_path/Frameworks",
				);
				PRODUCT_BUNDLE_IDENTIFIER = "com.Mach-Swift.Mach-Swift";
				PRODUCT_NAME = "$(TARGET_NAME:c99extidentifier)";
				PROVISIONING_PROFILE_SPECIFIER = "";
				SKIP_INSTALL = YES;
				SWIFT_VERSION = 5.0;
			};
			name = Debug;
		};
		02CB1C9F225C55B600FD0AF0 /* Release */ = {
			isa = XCBuildConfiguration;
			buildSettings = {
				CODE_SIGN_IDENTITY = "Mac Developer";
				CODE_SIGN_STYLE = Automatic;
				COMBINE_HIDPI_IMAGES = YES;
				DEFINES_MODULE = YES;
				DEVELOPMENT_TEAM = "";
				DYLIB_COMPATIBILITY_VERSION = 1;
				DYLIB_CURRENT_VERSION = 1;
				DYLIB_INSTALL_NAME_BASE = "@rpath";
				FRAMEWORK_VERSION = A;
				INFOPLIST_FILE = "Mach-Swift/Info.plist";
				INSTALL_PATH = "$(LOCAL_LIBRARY_DIR)/Frameworks";
				LD_RUNPATH_SEARCH_PATHS = (
					"$(inherited)",
					"@executable_path/../Frameworks",
					"@loader_path/Frameworks",
				);
				PRODUCT_BUNDLE_IDENTIFIER = "com.Mach-Swift.Mach-Swift";
				PRODUCT_NAME = "$(TARGET_NAME:c99extidentifier)";
				PROVISIONING_PROFILE_SPECIFIER = "";
				SKIP_INSTALL = YES;
				SWIFT_VERSION = 5.0;
			};
			name = Release;
		};
		02CB1CA1225C55B600FD0AF0 /* Debug */ = {
			isa = XCBuildConfiguration;
			buildSettings = {
				ALWAYS_EMBED_SWIFT_STANDARD_LIBRARIES = YES;
				CODE_SIGN_STYLE = Automatic;
				COMBINE_HIDPI_IMAGES = YES;
				INFOPLIST_FILE = "Mach-SwiftTests/Info.plist";
				LD_RUNPATH_SEARCH_PATHS = (
					"$(inherited)",
					"@executable_path/../Frameworks",
					"@loader_path/../Frameworks",
				);
				PRODUCT_BUNDLE_IDENTIFIER = "com.Mach-Swift.Mach-SwiftTests";
				PRODUCT_NAME = "$(TARGET_NAME)";
				SWIFT_VERSION = 5.0;
			};
			name = Debug;
		};
		02CB1CA2225C55B600FD0AF0 /* Release */ = {
			isa = XCBuildConfiguration;
			buildSettings = {
				ALWAYS_EMBED_SWIFT_STANDARD_LIBRARIES = YES;
				CODE_SIGN_STYLE = Automatic;
				COMBINE_HIDPI_IMAGES = YES;
				INFOPLIST_FILE = "Mach-SwiftTests/Info.plist";
				LD_RUNPATH_SEARCH_PATHS = (
					"$(inherited)",
					"@executable_path/../Frameworks",
					"@loader_path/../Frameworks",
				);
				PRODUCT_BUNDLE_IDENTIFIER = "com.Mach-Swift.Mach-SwiftTests";
				PRODUCT_NAME = "$(TARGET_NAME)";
				SWIFT_VERSION = 5.0;
			};
			name = Release;
		};
/* End XCBuildConfiguration section */

/* Begin XCConfigurationList section */
		02CB1C83225C55B600FD0AF0 /* Build configuration list for PBXProject "Mach-Swift" */ = {
			isa = XCConfigurationList;
			buildConfigurations = (
				02CB1C9B225C55B600FD0AF0 /* Debug */,
				02CB1C9C225C55B600FD0AF0 /* Release */,
			);
			defaultConfigurationIsVisible = 0;
			defaultConfigurationName = Release;
		};
		02CB1C9D225C55B600FD0AF0 /* Build configuration list for PBXNativeTarget "Mach-Swift-macOS" */ = {
			isa = XCConfigurationList;
			buildConfigurations = (
				02CB1C9E225C55B600FD0AF0 /* Debug */,
				02CB1C9F225C55B600FD0AF0 /* Release */,
			);
			defaultConfigurationIsVisible = 0;
			defaultConfigurationName = Release;
		};
		02CB1CA0225C55B600FD0AF0 /* Build configuration list for PBXNativeTarget "Mach-SwiftTests-macOS" */ = {
			isa = XCConfigurationList;
			buildConfigurations = (
				02CB1CA1225C55B600FD0AF0 /* Debug */,
				02CB1CA2225C55B600FD0AF0 /* Release */,
			);
			defaultConfigurationIsVisible = 0;
			defaultConfigurationName = Release;
		};
/* End XCConfigurationList section */
	};
	rootObject = 02CB1C80225C55B600FD0AF0 /* Project object */;
}
